
Microsoft Visual Studio Solution File, Format Version 9.00
# Visual Studio 2005
Project("{F184B08F-C81C-45F6-A57F-5ABD9991F28F}") = "Mortgage Calculator", "Mortgage Calculator\Mortgage Calculator.vbproj", "{B6724480-1443-48AE-804D-2432B27E3EF0}"
EndProject
Global
	GlobalSection(SolutionConfigurationPlatforms) = preSolution
		Debug|Any CPU = Debug|Any CPU
		Release|Any CPU = Release|Any CPU
	EndGlobalSection
	GlobalSection(ProjectConfigurationPlatforms) = postSolution
		{B6724480-1443-48AE-804D-2432B27E3EF0}.Debug|Any CPU.ActiveCfg = Debug|Any CPU
		{B6724480-1443-48AE-804D-2432B27E3EF0}.Debug|Any CPU.Build.0 = Debug|Any CPU
		{B6724480-1443-48AE-804D-2432B27E3EF0}.Release|Any CPU.ActiveCfg = Release|Any CPU
		{B6724480-1443-48AE-804D-2432B27E3EF0}.Release|Any CPU.Build.0 = Release|Any CPU
	EndGlobalSection
	GlobalSection(SolutionProperties) = preSolution
		HideSolutionNode = FALSE
	EndGlobalSection
EndGlobal
